
Microsoft Visual Studio Solution File, Format Version 12.00
# Visual Studio 15
VisualStudioVersion = 15.0.26124.0
MinimumVisualStudioVersion = 15.0.26124.0
Project("{FAE04EC0-301F-11D3-BF4B-00C04F79EFBC}") = "Penguin.Web.XmlClient.Local", "Penguin.Web.XmlClient.Local.csproj", "{EFF1E1D2-BF45-42BA-9158-1AA1A470CAA8}"
EndProject
Project("{FAE04EC0-301F-11D3-BF4B-00C04F79EFBC}") = "Penguin.Reflection.Serialization.XML.Local", "..\Penguin.Reflection.Serialization.XML\Penguin.Reflection.Serialization.XML.Local.csproj", "{F364D11D-254B-46FB-B747-22D73E08D60B}"
EndProject
Project("{FAE04EC0-301F-11D3-BF4B-00C04F79EFBC}") = "Penguin.Reflection.Extensions.Local", "..\Penguin.Reflection.Extensions\Penguin.Reflection.Extensions.Local.csproj", "{507B4181-3198-4A32-8899-DCFB315902FE}"
EndProject
Project("{FAE04EC0-301F-11D3-BF4B-00C04F79EFBC}") = "Penguin.Extensions.String.Local", "..\Penguin.Extensions.String\Penguin.Extensions.String.Local.csproj", "{AFADA7C0-54C4-4433-BCB6-A1F019170FE8}"
EndProject
Project("{FAE04EC0-301F-11D3-BF4B-00C04F79EFBC}") = "Penguin.Reflection.Abstractions.Local", "..\Penguin.Reflection.Abstractions\Penguin.Reflection.Abstractions.Local.csproj", "{D29BA73A-43EC-481D-82C8-25492B69713D}"
EndProject
Global
	GlobalSection(SolutionConfigurationPlatforms) = preSolution
		Debug|Any CPU = Debug|Any CPU
		Debug|x64 = Debug|x64
		Debug|x86 = Debug|x86
		Release|Any CPU = Release|Any CPU
		Release|x64 = Release|x64
		Release|x86 = Release|x86
	EndGlobalSection
	GlobalSection(SolutionProperties) = preSolution
		HideSolutionNode = FALSE
	EndGlobalSection
	GlobalSection(ProjectConfigurationPlatforms) = postSolution
		{EFF1E1D2-BF45-42BA-9158-1AA1A470CAA8}.Debug|Any CPU.ActiveCfg = Debug|Any CPU
		{EFF1E1D2-BF45-42BA-9158-1AA1A470CAA8}.Debug|Any CPU.Build.0 = Debug|Any CPU
		{EFF1E1D2-BF45-42BA-9158-1AA1A470CAA8}.Debug|x64.ActiveCfg = Debug|Any CPU
		{EFF1E1D2-BF45-42BA-9158-1AA1A470CAA8}.Debug|x64.Build.0 = Debug|Any CPU
		{EFF1E1D2-BF45-42BA-9158-1AA1A470CAA8}.Debug|x86.ActiveCfg = Debug|Any CPU
		{EFF1E1D2-BF45-42BA-9158-1AA1A470CAA8}.Debug|x86.Build.0 = Debug|Any CPU
		{EFF1E1D2-BF45-42BA-9158-1AA1A470CAA8}.Release|Any CPU.ActiveCfg = Release|Any CPU
		{EFF1E1D2-BF45-42BA-9158-1AA1A470CAA8}.Release|Any CPU.Build.0 = Release|Any CPU
		{EFF1E1D2-BF45-42BA-9158-1AA1A470CAA8}.Release|x64.ActiveCfg = Release|Any CPU
		{EFF1E1D2-BF45-42BA-9158-1AA1A470CAA8}.Release|x64.Build.0 = Release|Any CPU
		{EFF1E1D2-BF45-42BA-9158-1AA1A470CAA8}.Release|x86.ActiveCfg = Release|Any CPU
		{EFF1E1D2-BF45-42BA-9158-1AA1A470CAA8}.Release|x86.Build.0 = Release|Any CPU
		{F364D11D-254B-46FB-B747-22D73E08D60B}.Debug|Any CPU.ActiveCfg = Debug|Any CPU
		{F364D11D-254B-46FB-B747-22D73E08D60B}.Debug|Any CPU.Build.0 = Debug|Any CPU
		{F364D11D-254B-46FB-B747-22D73E08D60B}.Debug|x64.ActiveCfg = Debug|Any CPU
		{F364D11D-254B-46FB-B747-22D73E08D60B}.Debug|x64.Build.0 = Debug|Any CPU
		{F364D11D-254B-46FB-B747-22D73E08D60B}.Debug|x86.ActiveCfg = Debug|Any CPU
		{F364D11D-254B-46FB-B747-22D73E08D60B}.Debug|x86.Build.0 = Debug|Any CPU
		{F364D11D-254B-46FB-B747-22D73E08D60B}.Release|Any CPU.ActiveCfg = Release|Any CPU
		{F364D11D-254B-46FB-B747-22D73E08D60B}.Release|Any CPU.Build.0 = Release|Any CPU
		{F364D11D-254B-46FB-B747-22D73E08D60B}.Release|x64.ActiveCfg = Release|Any CPU
		{F364D11D-254B-46FB-B747-22D73E08D60B}.Release|x64.Build.0 = Release|Any CPU
		{F364D11D-254B-46FB-B747-22D73E08D60B}.Release|x86.ActiveCfg = Release|Any CPU
		{F364D11D-254B-46FB-B747-22D73E08D60B}.Release|x86.Build.0 = Release|Any CPU
		{507B4181-3198-4A32-8899-DCFB315902FE}.Debug|Any CPU.ActiveCfg = Debug|Any CPU
		{507B4181-3198-4A32-8899-DCFB315902FE}.Debug|Any CPU.Build.0 = Debug|Any CPU
		{507B4181-3198-4A32-8899-DCFB315902FE}.Debug|x64.ActiveCfg = Debug|Any CPU
		{507B4181-3198-4A32-8899-DCFB315902FE}.Debug|x64.Build.0 = Debug|Any CPU
		{507B4181-3198-4A32-8899-DCFB315902FE}.Debug|x86.ActiveCfg = Debug|Any CPU
		{507B4181-3198-4A32-8899-DCFB315902FE}.Debug|x86.Build.0 = Debug|Any CPU
		{507B4181-3198-4A32-8899-DCFB315902FE}.Release|Any CPU.ActiveCfg = Release|Any CPU
		{507B4181-3198-4A32-8899-DCFB315902FE}.Release|Any CPU.Build.0 = Release|Any CPU
		{507B4181-3198-4A32-8899-DCFB315902FE}.Release|x64.ActiveCfg = Release|Any CPU
		{507B4181-3198-4A32-8899-DCFB315902FE}.Release|x64.Build.0 = Release|Any CPU
		{507B4181-3198-4A32-8899-DCFB315902FE}.Release|x86.ActiveCfg = Release|Any CPU
		{507B4181-3198-4A32-8899-DCFB315902FE}.Release|x86.Build.0 = Release|Any CPU
		{AFADA7C0-54C4-4433-BCB6-A1F019170FE8}.Debug|Any CPU.ActiveCfg = Debug|Any CPU
		{AFADA7C0-54C4-4433-BCB6-A1F019170FE8}.Debug|Any CPU.Build.0 = Debug|Any CPU
		{AFADA7C0-54C4-4433-BCB6-A1F019170FE8}.Debug|x64.ActiveCfg = Debug|Any CPU
		{AFADA7C0-54C4-4433-BCB6-A1F019170FE8}.Debug|x64.Build.0 = Debug|Any CPU
		{AFADA7C0-54C4-4433-BCB6-A1F019170FE8}.Debug|x86.ActiveCfg = Debug|Any CPU
		{AFADA7C0-54C4-4433-BCB6-A1F019170FE8}.Debug|x86.Build.0 = Debug|Any CPU
		{AFADA7C0-54C4-4433-BCB6-A1F019170FE8}.Release|Any CPU.ActiveCfg = Release|Any CPU
		{AFADA7C0-54C4-4433-BCB6-A1F019170FE8}.Release|Any CPU.Build.0 = Release|Any CPU
		{AFADA7C0-54C4-4433-BCB6-A1F019170FE8}.Release|x64.ActiveCfg = Release|Any CPU
		{AFADA7C0-54C4-4433-BCB6-A1F019170FE8}.Release|x64.Build.0 = Release|Any CPU
		{AFADA7C0-54C4-4433-BCB6-A1F019170FE8}.Release|x86.ActiveCfg = Release|Any CPU
		{AFADA7C0-54C4-4433-BCB6-A1F019170FE8}.Release|x86.Build.0 = Release|Any CPU
		{D29BA73A-43EC-481D-82C8-25492B69713D}.Debug|Any CPU.ActiveCfg = Debug|Any CPU
		{D29BA73A-43EC-481D-82C8-25492B69713D}.Debug|Any CPU.Build.0 = Debug|Any CPU
		{D29BA73A-43EC-481D-82C8-25492B69713D}.Debug|x64.ActiveCfg = Debug|Any CPU
		{D29BA73A-43EC-481D-82C8-25492B69713D}.Debug|x64.Build.0 = Debug|Any CPU
		{D29BA73A-43EC-481D-82C8-25492B69713D}.Debug|x86.ActiveCfg = Debug|Any CPU
		{D29BA73A-43EC-481D-82C8-25492B69713D}.Debug|x86.Build.0 = Debug|Any CPU
		{D29BA73A-43EC-481D-82C8-25492B69713D}.Release|Any CPU.ActiveCfg = Release|Any CPU
		{D29BA73A-43EC-481D-82C8-25492B69713D}.Release|Any CPU.Build.0 = Release|Any CPU
		{D29BA73A-43EC-481D-82C8-25492B69713D}.Release|x64.ActiveCfg = Release|Any CPU
		{D29BA73A-43EC-481D-82C8-25492B69713D}.Release|x64.Build.0 = Release|Any CPU
		{D29BA73A-43EC-481D-82C8-25492B69713D}.Release|x86.ActiveCfg = Release|Any CPU
		{D29BA73A-43EC-481D-82C8-25492B69713D}.Release|x86.Build.0 = Release|Any CPU
	EndGlobalSection
EndGlobal
