
Microsoft Visual Studio Solution File, Format Version 12.00
# Visual Studio Version 16
VisualStudioVersion = 16.6.30114.105
MinimumVisualStudioVersion = 10.0.40219.1
Project("{FAE04EC0-301F-11D3-BF4B-00C04F79EFBC}") = "Penguin.Web.XmlClient.Local", "Penguin.Web.XmlClient.Local.csproj", "{31166802-264C-448A-80EF-0AEDFE8E20B9}"
EndProject
Project("{FAE04EC0-301F-11D3-BF4B-00C04F79EFBC}") = "Penguin.Reflection.Serialization.XML.Local", "..\Penguin.Reflection.Serialization.XML\Penguin.Reflection.Serialization.XML.Local.csproj", "{9B06F5D8-7923-4FC5-A846-4DAC33B8C734}"
EndProject
Project("{FAE04EC0-301F-11D3-BF4B-00C04F79EFBC}") = "Penguin.Reflection.Extensions.Local", "..\Penguin.Reflection.Extensions\Penguin.Reflection.Extensions.Local.csproj", "{BDEEF5E5-735A-411B-A30F-40ABA171C534}"
EndProject
Project("{FAE04EC0-301F-11D3-BF4B-00C04F79EFBC}") = "Penguin.Reflection.Abstractions.Local", "..\Penguin.Reflection.Abstractions\Penguin.Reflection.Abstractions.Local.csproj", "{BC62DF14-4470-4484-9842-D050B965B0F1}"
EndProject
Project("{FAE04EC0-301F-11D3-BF4B-00C04F79EFBC}") = "Penguin.Extensions.String.Local", "..\Penguin.Extensions.String\Penguin.Extensions.String.Local.csproj", "{A8091DF7-7369-43D3-BD2F-6242EEEEDA63}"
EndProject
Global
	GlobalSection(SolutionConfigurationPlatforms) = preSolution
		Debug|Any CPU = Debug|Any CPU
		Debug|x64 = Debug|x64
		Debug|x86 = Debug|x86
		Release|Any CPU = Release|Any CPU
		Release|x64 = Release|x64
		Release|x86 = Release|x86
	EndGlobalSection
	GlobalSection(SolutionProperties) = preSolution
		HideSolutionNode = FALSE
	EndGlobalSection
	GlobalSection(ProjectConfigurationPlatforms) = postSolution
		{31166802-264C-448A-80EF-0AEDFE8E20B9}.Debug|Any CPU.ActiveCfg = Debug|Any CPU
		{31166802-264C-448A-80EF-0AEDFE8E20B9}.Debug|Any CPU.Build.0 = Debug|Any CPU
		{31166802-264C-448A-80EF-0AEDFE8E20B9}.Debug|x64.ActiveCfg = Debug|Any CPU
		{31166802-264C-448A-80EF-0AEDFE8E20B9}.Debug|x64.Build.0 = Debug|Any CPU
		{31166802-264C-448A-80EF-0AEDFE8E20B9}.Debug|x86.ActiveCfg = Debug|Any CPU
		{31166802-264C-448A-80EF-0AEDFE8E20B9}.Debug|x86.Build.0 = Debug|Any CPU
		{31166802-264C-448A-80EF-0AEDFE8E20B9}.Release|Any CPU.ActiveCfg = Release|Any CPU
		{31166802-264C-448A-80EF-0AEDFE8E20B9}.Release|Any CPU.Build.0 = Release|Any CPU
		{31166802-264C-448A-80EF-0AEDFE8E20B9}.Release|x64.ActiveCfg = Release|Any CPU
		{31166802-264C-448A-80EF-0AEDFE8E20B9}.Release|x64.Build.0 = Release|Any CPU
		{31166802-264C-448A-80EF-0AEDFE8E20B9}.Release|x86.ActiveCfg = Release|Any CPU
		{31166802-264C-448A-80EF-0AEDFE8E20B9}.Release|x86.Build.0 = Release|Any CPU
		{9B06F5D8-7923-4FC5-A846-4DAC33B8C734}.Debug|Any CPU.ActiveCfg = Debug|Any CPU
		{9B06F5D8-7923-4FC5-A846-4DAC33B8C734}.Debug|Any CPU.Build.0 = Debug|Any CPU
		{9B06F5D8-7923-4FC5-A846-4DAC33B8C734}.Debug|x64.ActiveCfg = Debug|Any CPU
		{9B06F5D8-7923-4FC5-A846-4DAC33B8C734}.Debug|x64.Build.0 = Debug|Any CPU
		{9B06F5D8-7923-4FC5-A846-4DAC33B8C734}.Debug|x86.ActiveCfg = Debug|Any CPU
		{9B06F5D8-7923-4FC5-A846-4DAC33B8C734}.Debug|x86.Build.0 = Debug|Any CPU
		{9B06F5D8-7923-4FC5-A846-4DAC33B8C734}.Release|Any CPU.ActiveCfg = Release|Any CPU
		{9B06F5D8-7923-4FC5-A846-4DAC33B8C734}.Release|Any CPU.Build.0 = Release|Any CPU
		{9B06F5D8-7923-4FC5-A846-4DAC33B8C734}.Release|x64.ActiveCfg = Release|Any CPU
		{9B06F5D8-7923-4FC5-A846-4DAC33B8C734}.Release|x64.Build.0 = Release|Any CPU
		{9B06F5D8-7923-4FC5-A846-4DAC33B8C734}.Release|x86.ActiveCfg = Release|Any CPU
		{9B06F5D8-7923-4FC5-A846-4DAC33B8C734}.Release|x86.Build.0 = Release|Any CPU
		{BDEEF5E5-735A-411B-A30F-40ABA171C534}.Debug|Any CPU.ActiveCfg = Debug|Any CPU
		{BDEEF5E5-735A-411B-A30F-40ABA171C534}.Debug|Any CPU.Build.0 = Debug|Any CPU
		{BDEEF5E5-735A-411B-A30F-40ABA171C534}.Debug|x64.ActiveCfg = Debug|Any CPU
		{BDEEF5E5-735A-411B-A30F-40ABA171C534}.Debug|x64.Build.0 = Debug|Any CPU
		{BDEEF5E5-735A-411B-A30F-40ABA171C534}.Debug|x86.ActiveCfg = Debug|Any CPU
		{BDEEF5E5-735A-411B-A30F-40ABA171C534}.Debug|x86.Build.0 = Debug|Any CPU
		{BDEEF5E5-735A-411B-A30F-40ABA171C534}.Release|Any CPU.ActiveCfg = Release|Any CPU
		{BDEEF5E5-735A-411B-A30F-40ABA171C534}.Release|Any CPU.Build.0 = Release|Any CPU
		{BDEEF5E5-735A-411B-A30F-40ABA171C534}.Release|x64.ActiveCfg = Release|Any CPU
		{BDEEF5E5-735A-411B-A30F-40ABA171C534}.Release|x64.Build.0 = Release|Any CPU
		{BDEEF5E5-735A-411B-A30F-40ABA171C534}.Release|x86.ActiveCfg = Release|Any CPU
		{BDEEF5E5-735A-411B-A30F-40ABA171C534}.Release|x86.Build.0 = Release|Any CPU
		{BC62DF14-4470-4484-9842-D050B965B0F1}.Debug|Any CPU.ActiveCfg = Debug|Any CPU
		{BC62DF14-4470-4484-9842-D050B965B0F1}.Debug|Any CPU.Build.0 = Debug|Any CPU
		{BC62DF14-4470-4484-9842-D050B965B0F1}.Debug|x64.ActiveCfg = Debug|Any CPU
		{BC62DF14-4470-4484-9842-D050B965B0F1}.Debug|x64.Build.0 = Debug|Any CPU
		{BC62DF14-4470-4484-9842-D050B965B0F1}.Debug|x86.ActiveCfg = Debug|Any CPU
		{BC62DF14-4470-4484-9842-D050B965B0F1}.Debug|x86.Build.0 = Debug|Any CPU
		{BC62DF14-4470-4484-9842-D050B965B0F1}.Release|Any CPU.ActiveCfg = Release|Any CPU
		{BC62DF14-4470-4484-9842-D050B965B0F1}.Release|Any CPU.Build.0 = Release|Any CPU
		{BC62DF14-4470-4484-9842-D050B965B0F1}.Release|x64.ActiveCfg = Release|Any CPU
		{BC62DF14-4470-4484-9842-D050B965B0F1}.Release|x64.Build.0 = Release|Any CPU
		{BC62DF14-4470-4484-9842-D050B965B0F1}.Release|x86.ActiveCfg = Release|Any CPU
		{BC62DF14-4470-4484-9842-D050B965B0F1}.Release|x86.Build.0 = Release|Any CPU
		{A8091DF7-7369-43D3-BD2F-6242EEEEDA63}.Debug|Any CPU.ActiveCfg = Debug|Any CPU
		{A8091DF7-7369-43D3-BD2F-6242EEEEDA63}.Debug|Any CPU.Build.0 = Debug|Any CPU
		{A8091DF7-7369-43D3-BD2F-6242EEEEDA63}.Debug|x64.ActiveCfg = Debug|Any CPU
		{A8091DF7-7369-43D3-BD2F-6242EEEEDA63}.Debug|x64.Build.0 = Debug|Any CPU
		{A8091DF7-7369-43D3-BD2F-6242EEEEDA63}.Debug|x86.ActiveCfg = Debug|Any CPU
		{A8091DF7-7369-43D3-BD2F-6242EEEEDA63}.Debug|x86.Build.0 = Debug|Any CPU
		{A8091DF7-7369-43D3-BD2F-6242EEEEDA63}.Release|Any CPU.ActiveCfg = Release|Any CPU
		{A8091DF7-7369-43D3-BD2F-6242EEEEDA63}.Release|Any CPU.Build.0 = Release|Any CPU
		{A8091DF7-7369-43D3-BD2F-6242EEEEDA63}.Release|x64.ActiveCfg = Release|Any CPU
		{A8091DF7-7369-43D3-BD2F-6242EEEEDA63}.Release|x64.Build.0 = Release|Any CPU
		{A8091DF7-7369-43D3-BD2F-6242EEEEDA63}.Release|x86.ActiveCfg = Release|Any CPU
		{A8091DF7-7369-43D3-BD2F-6242EEEEDA63}.Release|x86.Build.0 = Release|Any CPU
	EndGlobalSection
EndGlobal
